{
  "name": "minibot",
  "version": "0.0.1",
  "lockfileVersion": 3,
  "requires": true,
  "packages": {
    "": {
      "name": "minibot",
      "version": "0.0.1",
      "license": "Unlicense",
      "dependencies": {
        "discord.js": "^12.1.1",
        "dotenv": "^8.2.0",
        "eslint": "^6.8.0"
      }
    },
    "node_modules/@babel/code-frame": {
      "version": "7.8.3",
      "license": "MIT",
      "dependencies": {
        "@babel/highlight": "^7.8.3"
      }
    },
    "node_modules/@babel/helper-validator-identifier": {
      "version": "7.9.5",
      "license": "MIT"
    },
    "node_modules/@babel/highlight": {
      "version": "7.9.0",
      "license": "MIT",
      "dependencies": {
        "@babel/helper-validator-identifier": "^7.9.0",
        "chalk": "^2.0.0",
        "js-tokens": "^4.0.0"
      }
    },
    "node_modules/@discordjs/collection": {
      "version": "0.1.6",
      "deprecated": "no longer supported",
      "license": "Apache-2.0"
    },
    "node_modules/@discordjs/form-data": {
      "version": "3.0.1",
      "deprecated": "Package no longer supported. Contact Support at https://www.npmjs.com/support for more info.",
      "license": "MIT",
      "dependencies": {
        "asynckit": "^0.4.0",
        "combined-stream": "^1.0.8",
        "mime-types": "^2.1.12"
      },
      "engines": {
        "node": ">= 6"
      }
    },
    "node_modules/@types/color-name": {
      "version": "1.1.1",
      "license": "MIT"
    },
    "node_modules/abort-controller": {
      "version": "3.0.0",
      "license": "MIT",
      "dependencies": {
        "event-target-shim": "^5.0.0"
      },
      "engines": {
        "node": ">=6.5"
      }
    },
    "node_modules/acorn": {
      "version": "7.1.1",
      "license": "MIT",
      "bin": {
        "acorn": "bin/acorn"
      },
      "engines": {
        "node": ">=0.4.0"
      }
    },
    "node_modules/acorn-jsx": {
      "version": "5.2.0",
      "license": "MIT",
      "peerDependencies": {
        "acorn": "^6.0.0 || ^7.0.0"
      }
    },
    "node_modules/ajv": {
      "version": "6.12.0",
      "license": "MIT",
      "dependencies": {
        "fast-deep-equal": "^3.1.1",
        "fast-json-stable-stringify": "^2.0.0",
        "json-schema-traverse": "^0.4.1",
        "uri-js": "^4.2.2"
      }
    },
    "node_modules/ansi-escapes": {
      "version": "4.3.1",
      "license": "MIT",
      "dependencies": {
        "type-fest": "^0.11.0"
      },
      "engines": {
        "node": ">=8"
      },
      "funding": {
        "url": "https://github.com/sponsors/sindresorhus"
      }
    },
    "node_modules/ansi-escapes/node_modules/type-fest": {
      "version": "0.11.0",
      "license": "(MIT OR CC0-1.0)",
      "engines": {
        "node": ">=8"
      },
      "funding": {
        "url": "https://github.com/sponsors/sindresorhus"
      }
    },
    "node_modules/ansi-regex": {
      "version": "5.0.0",
      "license": "MIT",
      "engines": {
        "node": ">=8"
      }
    },
    "node_modules/ansi-styles": {
      "version": "3.2.1",
      "license": "MIT",
      "dependencies": {
        "color-convert": "^1.9.0"
      },
      "engines": {
        "node": ">=4"
      }
    },
    "node_modules/argparse": {
      "version": "1.0.10",
      "license": "MIT",
      "dependencies": {
        "sprintf-js": "~1.0.2"
      }
    },
    "node_modules/astral-regex": {
      "version": "1.0.0",
      "license": "MIT",
      "engines": {
        "node": ">=4"
      }
    },
    "node_modules/asynckit": {
      "version": "0.4.0",
      "license": "MIT"
    },
    "node_modules/balanced-match": {
      "version": "1.0.0",
      "license": "MIT"
    },
    "node_modules/brace-expansion": {
      "version": "1.1.11",
      "license": "MIT",
      "dependencies": {
        "balanced-match": "^1.0.0",
        "concat-map": "0.0.1"
      }
    },
    "node_modules/callsites": {
      "version": "3.1.0",
      "license": "MIT",
      "engines": {
        "node": ">=6"
      }
    },
    "node_modules/chalk": {
      "version": "2.4.2",
      "license": "MIT",
      "dependencies": {
        "ansi-styles": "^3.2.1",
        "escape-string-regexp": "^1.0.5",
        "supports-color": "^5.3.0"
      },
      "engines": {
        "node": ">=4"
      }
    },
    "node_modules/chardet": {
      "version": "0.7.0",
      "license": "MIT"
    },
    "node_modules/cli-cursor": {
      "version": "3.1.0",
      "license": "MIT",
      "dependencies": {
        "restore-cursor": "^3.1.0"
      },
      "engines": {
        "node": ">=8"
      }
    },
    "node_modules/cli-width": {
      "version": "2.2.1",
      "license": "ISC"
    },
    "node_modules/color-convert": {
      "version": "1.9.3",
      "license": "MIT",
      "dependencies": {
        "color-name": "1.1.3"
      }
    },
    "node_modules/color-name": {
      "version": "1.1.3",
      "license": "MIT"
    },
    "node_modules/combined-stream": {
      "version": "1.0.8",
      "license": "MIT",
      "dependencies": {
        "delayed-stream": "~1.0.0"
      },
      "engines": {
        "node": ">= 0.8"
      }
    },
    "node_modules/concat-map": {
      "version": "0.0.1",
      "license": "MIT"
    },
    "node_modules/cross-spawn": {
      "version": "6.0.5",
      "license": "MIT",
      "dependencies": {
        "nice-try": "^1.0.4",
        "path-key": "^2.0.1",
        "semver": "^5.5.0",
        "shebang-command": "^1.2.0",
        "which": "^1.2.9"
      },
      "engines": {
        "node": ">=4.8"
      }
    },
    "node_modules/cross-spawn/node_modules/semver": {
      "version": "5.7.1",
      "license": "ISC",
      "bin": {
        "semver": "bin/semver"
      }
    },
    "node_modules/debug": {
      "version": "4.1.1",
      "license": "MIT",
      "dependencies": {
        "ms": "^2.1.1"
      }
    },
    "node_modules/deep-is": {
      "version": "0.1.3",
      "license": "MIT"
    },
    "node_modules/delayed-stream": {
      "version": "1.0.0",
      "license": "MIT",
      "engines": {
        "node": ">=0.4.0"
      }
    },
    "node_modules/discord.js": {
      "version": "12.5.3",
      "deprecated": "no longer supported",
      "license": "Apache-2.0",
      "dependencies": {
        "@discordjs/collection": "^0.1.6",
        "@discordjs/form-data": "^3.0.1",
        "abort-controller": "^3.0.0",
        "node-fetch": "^2.6.1",
        "prism-media": "^1.2.9",
        "setimmediate": "^1.0.5",
        "tweetnacl": "^1.0.3",
        "ws": "^7.4.4"
      },
      "engines": {
        "node": ">=12.0.0"
      }
    },
    "node_modules/doctrine": {
      "version": "3.0.0",
      "license": "Apache-2.0",
      "dependencies": {
        "esutils": "^2.0.2"
      },
      "engines": {
        "node": ">=6.0.0"
      }
    },
    "node_modules/dotenv": {
      "version": "8.2.0",
      "license": "BSD-2-Clause",
      "engines": {
        "node": ">=8"
      }
    },
    "node_modules/emoji-regex": {
      "version": "8.0.0",
      "license": "MIT"
    },
    "node_modules/escape-string-regexp": {
      "version": "1.0.5",
      "license": "MIT",
      "engines": {
        "node": ">=0.8.0"
      }
    },
    "node_modules/eslint": {
      "version": "6.8.0",
      "license": "MIT",
      "dependencies": {
        "@babel/code-frame": "^7.0.0",
        "ajv": "^6.10.0",
        "chalk": "^2.1.0",
        "cross-spawn": "^6.0.5",
        "debug": "^4.0.1",
        "doctrine": "^3.0.0",
        "eslint-scope": "^5.0.0",
        "eslint-utils": "^1.4.3",
        "eslint-visitor-keys": "^1.1.0",
        "espree": "^6.1.2",
        "esquery": "^1.0.1",
        "esutils": "^2.0.2",
        "file-entry-cache": "^5.0.1",
        "functional-red-black-tree": "^1.0.1",
        "glob-parent": "^5.0.0",
        "globals": "^12.1.0",
        "ignore": "^4.0.6",
        "import-fresh": "^3.0.0",
        "imurmurhash": "^0.1.4",
        "inquirer": "^7.0.0",
        "is-glob": "^4.0.0",
        "js-yaml": "^3.13.1",
        "json-stable-stringify-without-jsonify": "^1.0.1",
        "levn": "^0.3.0",
        "lodash": "^4.17.14",
        "minimatch": "^3.0.4",
        "mkdirp": "^0.5.1",
        "natural-compare": "^1.4.0",
        "optionator": "^0.8.3",
        "progress": "^2.0.0",
        "regexpp": "^2.0.1",
        "semver": "^6.1.2",
        "strip-ansi": "^5.2.0",
        "strip-json-comments": "^3.0.1",
        "table": "^5.2.3",
        "text-table": "^0.2.0",
        "v8-compile-cache": "^2.0.3"
      },
      "bin": {
        "eslint": "bin/eslint.js"
      },
      "engines": {
        "node": "^8.10.0 || ^10.13.0 || >=11.10.1"
      },
      "funding": {
        "url": "https://opencollective.com/eslint"
      }
    },
    "node_modules/eslint-scope": {
      "version": "5.0.0",
      "license": "BSD-2-Clause",
      "dependencies": {
        "esrecurse": "^4.1.0",
        "estraverse": "^4.1.1"
      },
      "engines": {
        "node": ">=8.0.0"
      }
    },
    "node_modules/eslint-utils": {
      "version": "1.4.3",
      "license": "MIT",
      "dependencies": {
        "eslint-visitor-keys": "^1.1.0"
      },
      "engines": {
        "node": ">=6"
      }
    },
    "node_modules/eslint-visitor-keys": {
      "version": "1.1.0",
      "license": "Apache-2.0",
      "engines": {
        "node": ">=4"
      }
    },
    "node_modules/espree": {
      "version": "6.2.1",
      "license": "BSD-2-Clause",
      "dependencies": {
        "acorn": "^7.1.1",
        "acorn-jsx": "^5.2.0",
        "eslint-visitor-keys": "^1.1.0"
      },
      "engines": {
        "node": ">=6.0.0"
      }
    },
    "node_modules/esprima": {
      "version": "4.0.1",
      "license": "BSD-2-Clause",
      "bin": {
        "esparse": "bin/esparse.js",
        "esvalidate": "bin/esvalidate.js"
      },
      "engines": {
        "node": ">=4"
      }
    },
    "node_modules/esquery": {
      "version": "1.3.0",
      "license": "BSD-3-Clause",
      "dependencies": {
        "estraverse": "^5.0.0"
      },
      "engines": {
        "node": ">=0.10"
      }
    },
    "node_modules/esquery/node_modules/estraverse": {
      "version": "5.0.0",
      "license": "BSD-2-Clause",
      "engines": {
        "node": ">=4.0"
      }
    },
    "node_modules/esrecurse": {
      "version": "4.2.1",
      "license": "BSD-2-Clause",
      "dependencies": {
        "estraverse": "^4.1.0"
      },
      "engines": {
        "node": ">=4.0"
      }
    },
    "node_modules/estraverse": {
      "version": "4.3.0",
      "license": "BSD-2-Clause",
      "engines": {
        "node": ">=4.0"
      }
    },
    "node_modules/esutils": {
      "version": "2.0.3",
      "license": "BSD-2-Clause",
      "engines": {
        "node": ">=0.10.0"
      }
    },
    "node_modules/event-target-shim": {
      "version": "5.0.1",
      "license": "MIT",
      "engines": {
        "node": ">=6"
      }
    },
    "node_modules/external-editor": {
      "version": "3.1.0",
      "license": "MIT",
      "dependencies": {
        "chardet": "^0.7.0",
        "iconv-lite": "^0.4.24",
        "tmp": "^0.0.33"
      },
      "engines": {
        "node": ">=4"
      }
    },
    "node_modules/fast-deep-equal": {
      "version": "3.1.1",
      "license": "MIT"
    },
    "node_modules/fast-json-stable-stringify": {
      "version": "2.1.0",
      "license": "MIT"
    },
    "node_modules/fast-levenshtein": {
      "version": "2.0.6",
      "license": "MIT"
    },
    "node_modules/figures": {
      "version": "3.2.0",
      "license": "MIT",
      "dependencies": {
        "escape-string-regexp": "^1.0.5"
      },
      "engines": {
        "node": ">=8"
      },
      "funding": {
        "url": "https://github.com/sponsors/sindresorhus"
      }
    },
    "node_modules/file-entry-cache": {
      "version": "5.0.1",
      "license": "MIT",
      "dependencies": {
        "flat-cache": "^2.0.1"
      },
      "engines": {
        "node": ">=4"
      }
    },
    "node_modules/flat-cache": {
      "version": "2.0.1",
      "license": "MIT",
      "dependencies": {
        "flatted": "^2.0.0",
        "rimraf": "2.6.3",
        "write": "1.0.3"
      },
      "engines": {
        "node": ">=4"
      }
    },
    "node_modules/flatted": {
      "version": "2.0.2",
      "license": "ISC"
    },
    "node_modules/fs.realpath": {
      "version": "1.0.0",
      "license": "ISC"
    },
    "node_modules/functional-red-black-tree": {
      "version": "1.0.1",
      "license": "MIT"
    },
    "node_modules/glob": {
      "version": "7.1.6",
      "license": "ISC",
      "dependencies": {
        "fs.realpath": "^1.0.0",
        "inflight": "^1.0.4",
        "inherits": "2",
        "minimatch": "^3.0.4",
        "once": "^1.3.0",
        "path-is-absolute": "^1.0.0"
      },
      "engines": {
        "node": "*"
      },
      "funding": {
        "url": "https://github.com/sponsors/isaacs"
      }
    },
    "node_modules/glob-parent": {
      "version": "5.1.1",
      "license": "ISC",
      "dependencies": {
        "is-glob": "^4.0.1"
      },
      "engines": {
        "node": ">= 6"
      }
    },
    "node_modules/globals": {
      "version": "12.4.0",
      "license": "MIT",
      "dependencies": {
        "type-fest": "^0.8.1"
      },
      "engines": {
        "node": ">=8"
      },
      "funding": {
        "url": "https://github.com/sponsors/sindresorhus"
      }
    },
    "node_modules/has-flag": {
      "version": "3.0.0",
      "license": "MIT",
      "engines": {
        "node": ">=4"
      }
    },
    "node_modules/iconv-lite": {
      "version": "0.4.24",
      "license": "MIT",
      "dependencies": {
        "safer-buffer": ">= 2.1.2 < 3"
      },
      "engines": {
        "node": ">=0.10.0"
      }
    },
    "node_modules/ignore": {
      "version": "4.0.6",
      "license": "MIT",
      "engines": {
        "node": ">= 4"
      }
    },
    "node_modules/import-fresh": {
      "version": "3.2.1",
      "license": "MIT",
      "dependencies": {
        "parent-module": "^1.0.0",
        "resolve-from": "^4.0.0"
      },
      "engines": {
        "node": ">=6"
      }
    },
    "node_modules/imurmurhash": {
      "version": "0.1.4",
      "license": "MIT",
      "engines": {
        "node": ">=0.8.19"
      }
    },
    "node_modules/inflight": {
      "version": "1.0.6",
      "license": "ISC",
      "dependencies": {
        "once": "^1.3.0",
        "wrappy": "1"
      }
    },
    "node_modules/inherits": {
      "version": "2.0.4",
      "license": "ISC"
    },
    "node_modules/inquirer": {
      "version": "7.1.0",
      "license": "MIT",
      "dependencies": {
        "ansi-escapes": "^4.2.1",
        "chalk": "^3.0.0",
        "cli-cursor": "^3.1.0",
        "cli-width": "^2.0.0",
        "external-editor": "^3.0.3",
        "figures": "^3.0.0",
        "lodash": "^4.17.15",
        "mute-stream": "0.0.8",
        "run-async": "^2.4.0",
        "rxjs": "^6.5.3",
        "string-width": "^4.1.0",
        "strip-ansi": "^6.0.0",
        "through": "^2.3.6"
      },
      "engines": {
        "node": ">=6.0.0"
      }
    },
    "node_modules/inquirer/node_modules/ansi-styles": {
      "version": "4.2.1",
      "license": "MIT",
      "dependencies": {
        "@types/color-name": "^1.1.1",
        "color-convert": "^2.0.1"
      },
      "engines": {
        "node": ">=8"
      },
      "funding": {
        "url": "https://github.com/chalk/ansi-styles?sponsor=1"
      }
    },
    "node_modules/inquirer/node_modules/chalk": {
      "version": "3.0.0",
      "license": "MIT",
      "dependencies": {
        "ansi-styles": "^4.1.0",
        "supports-color": "^7.1.0"
      },
      "engines": {
        "node": ">=8"
      }
    },
    "node_modules/inquirer/node_modules/color-convert": {
      "version": "2.0.1",
      "license": "MIT",
      "dependencies": {
        "color-name": "~1.1.4"
      },
      "engines": {
        "node": ">=7.0.0"
      }
    },
    "node_modules/inquirer/node_modules/color-name": {
      "version": "1.1.4",
      "license": "MIT"
    },
    "node_modules/inquirer/node_modules/has-flag": {
      "version": "4.0.0",
      "license": "MIT",
      "engines": {
        "node": ">=8"
      }
    },
    "node_modules/inquirer/node_modules/strip-ansi": {
      "version": "6.0.0",
      "license": "MIT",
      "dependencies": {
        "ansi-regex": "^5.0.0"
      },
      "engines": {
        "node": ">=8"
      }
    },
    "node_modules/inquirer/node_modules/supports-color": {
      "version": "7.1.0",
      "license": "MIT",
      "dependencies": {
        "has-flag": "^4.0.0"
      },
      "engines": {
        "node": ">=8"
      }
    },
    "node_modules/is-extglob": {
      "version": "2.1.1",
      "license": "MIT",
      "engines": {
        "node": ">=0.10.0"
      }
    },
    "node_modules/is-fullwidth-code-point": {
      "version": "3.0.0",
      "license": "MIT",
      "engines": {
        "node": ">=8"
      }
    },
    "node_modules/is-glob": {
      "version": "4.0.1",
      "license": "MIT",
      "dependencies": {
        "is-extglob": "^2.1.1"
      },
      "engines": {
        "node": ">=0.10.0"
      }
    },
    "node_modules/is-promise": {
      "version": "2.1.0",
      "license": "MIT"
    },
    "node_modules/isexe": {
      "version": "2.0.0",
      "license": "ISC"
    },
    "node_modules/js-tokens": {
      "version": "4.0.0",
      "license": "MIT"
    },
    "node_modules/js-yaml": {
      "version": "3.13.1",
      "license": "MIT",
      "dependencies": {
        "argparse": "^1.0.7",
        "esprima": "^4.0.0"
      },
      "bin": {
        "js-yaml": "bin/js-yaml.js"
      }
    },
    "node_modules/json-schema-traverse": {
      "version": "0.4.1",
      "license": "MIT"
    },
    "node_modules/json-stable-stringify-without-jsonify": {
      "version": "1.0.1",
      "license": "MIT"
    },
    "node_modules/levn": {
      "version": "0.3.0",
      "license": "MIT",
      "dependencies": {
        "prelude-ls": "~1.1.2",
        "type-check": "~0.3.2"
      },
      "engines": {
        "node": ">= 0.8.0"
      }
    },
    "node_modules/lodash": {
      "version": "4.17.15",
      "license": "MIT"
    },
    "node_modules/mime-db": {
      "version": "1.52.0",
      "license": "MIT",
      "engines": {
        "node": ">= 0.6"
      }
    },
    "node_modules/mime-types": {
      "version": "2.1.35",
      "license": "MIT",
      "dependencies": {
        "mime-db": "1.52.0"
      },
      "engines": {
        "node": ">= 0.6"
      }
    },
    "node_modules/mimic-fn": {
      "version": "2.1.0",
      "license": "MIT",
      "engines": {
        "node": ">=6"
      }
    },
    "node_modules/minimatch": {
      "version": "3.0.4",
      "license": "ISC",
      "dependencies": {
        "brace-expansion": "^1.1.7"
      },
      "engines": {
        "node": "*"
      }
    },
    "node_modules/minimist": {
      "version": "1.2.5",
      "license": "MIT"
    },
    "node_modules/mkdirp": {
      "version": "0.5.5",
      "license": "MIT",
      "dependencies": {
        "minimist": "^1.2.5"
      },
      "bin": {
        "mkdirp": "bin/cmd.js"
      }
    },
    "node_modules/ms": {
      "version": "2.1.2",
      "license": "MIT"
    },
    "node_modules/mute-stream": {
      "version": "0.0.8",
      "license": "ISC"
    },
    "node_modules/natural-compare": {
      "version": "1.4.0",
      "license": "MIT"
    },
    "node_modules/nice-try": {
      "version": "1.0.5",
      "license": "MIT"
    },
    "node_modules/node-fetch": {
      "version": "2.6.8",
      "license": "MIT",
      "dependencies": {
        "whatwg-url": "^5.0.0"
      },
      "engines": {
        "node": "4.x || >=6.0.0"
      },
      "peerDependencies": {
        "encoding": "^0.1.0"
      },
      "peerDependenciesMeta": {
        "encoding": {
          "optional": true
        }
      }
    },
    "node_modules/once": {
      "version": "1.4.0",
      "license": "ISC",
      "dependencies": {
        "wrappy": "1"
      }
    },
    "node_modules/onetime": {
      "version": "5.1.0",
      "license": "MIT",
      "dependencies": {
        "mimic-fn": "^2.1.0"
      },
      "engines": {
        "node": ">=6"
      }
    },
    "node_modules/optionator": {
      "version": "0.8.3",
      "license": "MIT",
      "dependencies": {
        "deep-is": "~0.1.3",
        "fast-levenshtein": "~2.0.6",
        "levn": "~0.3.0",
        "prelude-ls": "~1.1.2",
        "type-check": "~0.3.2",
        "word-wrap": "~1.2.3"
      },
      "engines": {
        "node": ">= 0.8.0"
      }
    },
    "node_modules/os-tmpdir": {
      "version": "1.0.2",
      "license": "MIT",
      "engines": {
        "node": ">=0.10.0"
      }
    },
    "node_modules/parent-module": {
      "version": "1.0.1",
      "license": "MIT",
      "dependencies": {
        "callsites": "^3.0.0"
      },
      "engines": {
        "node": ">=6"
      }
    },
    "node_modules/path-is-absolute": {
      "version": "1.0.1",
      "license": "MIT",
      "engines": {
        "node": ">=0.10.0"
      }
    },
    "node_modules/path-key": {
      "version": "2.0.1",
      "license": "MIT",
      "engines": {
        "node": ">=4"
      }
    },
    "node_modules/prelude-ls": {
      "version": "1.1.2",
      "engines": {
        "node": ">= 0.8.0"
      }
    },
    "node_modules/prism-media": {
      "version": "1.3.4",
      "license": "Apache-2.0",
      "peerDependencies": {
        "@discordjs/opus": "^0.8.0",
        "ffmpeg-static": "^5.0.2 || ^4.2.7 || ^3.0.0 || ^2.4.0",
        "node-opus": "^0.3.3",
        "opusscript": "^0.0.8"
      },
      "peerDependenciesMeta": {
        "@discordjs/opus": {
          "optional": true
        },
        "ffmpeg-static": {
          "optional": true
        },
        "node-opus": {
          "optional": true
        },
        "opusscript": {
          "optional": true
        }
      }
    },
    "node_modules/progress": {
      "version": "2.0.3",
      "license": "MIT",
      "engines": {
        "node": ">=0.4.0"
      }
    },
    "node_modules/punycode": {
      "version": "2.1.1",
      "license": "MIT",
      "engines": {
        "node": ">=6"
      }
    },
    "node_modules/regexpp": {
      "version": "2.0.1",
      "license": "MIT",
      "engines": {
        "node": ">=6.5.0"
      }
    },
    "node_modules/resolve-from": {
      "version": "4.0.0",
      "license": "MIT",
      "engines": {
        "node": ">=4"
      }
    },
    "node_modules/restore-cursor": {
      "version": "3.1.0",
      "license": "MIT",
      "dependencies": {
        "onetime": "^5.1.0",
        "signal-exit": "^3.0.2"
      },
      "engines": {
        "node": ">=8"
      }
    },
    "node_modules/rimraf": {
      "version": "2.6.3",
      "license": "ISC",
      "dependencies": {
        "glob": "^7.1.3"
      },
      "bin": {
        "rimraf": "bin.js"
      }
    },
    "node_modules/run-async": {
      "version": "2.4.0",
      "license": "MIT",
      "dependencies": {
        "is-promise": "^2.1.0"
      },
      "engines": {
        "node": ">=0.12.0"
      }
    },
    "node_modules/rxjs": {
      "version": "6.5.5",
      "license": "Apache-2.0",
      "dependencies": {
        "tslib": "^1.9.0"
      },
      "engines": {
        "npm": ">=2.0.0"
      }
    },
    "node_modules/safer-buffer": {
      "version": "2.1.2",
      "license": "MIT"
    },
    "node_modules/semver": {
      "version": "6.3.0",
      "license": "ISC",
      "bin": {
        "semver": "bin/semver.js"
      }
    },
    "node_modules/setimmediate": {
      "version": "1.0.5",
      "license": "MIT"
    },
    "node_modules/shebang-command": {
      "version": "1.2.0",
      "license": "MIT",
      "dependencies": {
        "shebang-regex": "^1.0.0"
      },
      "engines": {
        "node": ">=0.10.0"
      }
    },
    "node_modules/shebang-regex": {
      "version": "1.0.0",
      "license": "MIT",
      "engines": {
        "node": ">=0.10.0"
      }
    },
    "node_modules/signal-exit": {
      "version": "3.0.3",
      "license": "ISC"
    },
    "node_modules/slice-ansi": {
      "version": "2.1.0",
      "license": "MIT",
      "dependencies": {
        "ansi-styles": "^3.2.0",
        "astral-regex": "^1.0.0",
        "is-fullwidth-code-point": "^2.0.0"
      },
      "engines": {
        "node": ">=6"
      }
    },
    "node_modules/slice-ansi/node_modules/is-fullwidth-code-point": {
      "version": "2.0.0",
      "license": "MIT",
      "engines": {
        "node": ">=4"
      }
    },
    "node_modules/sprintf-js": {
      "version": "1.0.3",
      "license": "BSD-3-Clause"
    },
    "node_modules/string-width": {
      "version": "4.2.0",
      "license": "MIT",
      "dependencies": {
        "emoji-regex": "^8.0.0",
        "is-fullwidth-code-point": "^3.0.0",
        "strip-ansi": "^6.0.0"
      },
      "engines": {
        "node": ">=8"
      }
    },
    "node_modules/string-width/node_modules/strip-ansi": {
      "version": "6.0.0",
      "license": "MIT",
      "dependencies": {
        "ansi-regex": "^5.0.0"
      },
      "engines": {
        "node": ">=8"
      }
    },
    "node_modules/strip-ansi": {
      "version": "5.2.0",
      "license": "MIT",
      "dependencies": {
        "ansi-regex": "^4.1.0"
      },
      "engines": {
        "node": ">=6"
      }
    },
    "node_modules/strip-ansi/node_modules/ansi-regex": {
      "version": "4.1.0",
      "license": "MIT",
      "engines": {
        "node": ">=6"
      }
    },
    "node_modules/strip-json-comments": {
      "version": "3.1.0",
      "license": "MIT",
      "engines": {
        "node": ">=8"
      }
    },
    "node_modules/supports-color": {
      "version": "5.5.0",
      "license": "MIT",
      "dependencies": {
        "has-flag": "^3.0.0"
      },
      "engines": {
        "node": ">=4"
      }
    },
    "node_modules/table": {
      "version": "5.4.6",
      "license": "BSD-3-Clause",
      "dependencies": {
        "ajv": "^6.10.2",
        "lodash": "^4.17.14",
        "slice-ansi": "^2.1.0",
        "string-width": "^3.0.0"
      },
      "engines": {
        "node": ">=6.0.0"
      }
    },
    "node_modules/table/node_modules/emoji-regex": {
      "version": "7.0.3",
      "license": "MIT"
    },
    "node_modules/table/node_modules/is-fullwidth-code-point": {
      "version": "2.0.0",
      "license": "MIT",
      "engines": {
        "node": ">=4"
      }
    },
    "node_modules/table/node_modules/string-width": {
      "version": "3.1.0",
      "license": "MIT",
      "dependencies": {
        "emoji-regex": "^7.0.1",
        "is-fullwidth-code-point": "^2.0.0",
        "strip-ansi": "^5.1.0"
      },
      "engines": {
        "node": ">=6"
      }
    },
    "node_modules/text-table": {
      "version": "0.2.0",
      "license": "MIT"
    },
    "node_modules/through": {
      "version": "2.3.8",
      "license": "MIT"
    },
    "node_modules/tmp": {
      "version": "0.0.33",
      "license": "MIT",
      "dependencies": {
        "os-tmpdir": "~1.0.2"
      },
      "engines": {
        "node": ">=0.6.0"
      }
    },
    "node_modules/tr46": {
      "version": "0.0.3",
      "license": "MIT"
    },
    "node_modules/tslib": {
      "version": "1.11.1",
      "license": "Apache-2.0"
    },
    "node_modules/tweetnacl": {
      "version": "1.0.3",
      "license": "Unlicense"
    },
    "node_modules/type-check": {
      "version": "0.3.2",
      "license": "MIT",
      "dependencies": {
        "prelude-ls": "~1.1.2"
      },
      "engines": {
        "node": ">= 0.8.0"
      }
    },
    "node_modules/type-fest": {
      "version": "0.8.1",
      "license": "(MIT OR CC0-1.0)",
      "engines": {
        "node": ">=8"
      }
    },
    "node_modules/uri-js": {
      "version": "4.2.2",
      "license": "BSD-2-Clause",
      "dependencies": {
        "punycode": "^2.1.0"
      }
    },
    "node_modules/v8-compile-cache": {
      "version": "2.1.0",
      "license": "MIT"
    },
    "node_modules/webidl-conversions": {
      "version": "3.0.1",
      "license": "BSD-2-Clause"
    },
    "node_modules/whatwg-url": {
      "version": "5.0.0",
      "license": "MIT",
      "dependencies": {
        "tr46": "~0.0.3",
        "webidl-conversions": "^3.0.0"
      }
    },
    "node_modules/which": {
      "version": "1.3.1",
      "license": "ISC",
      "dependencies": {
        "isexe": "^2.0.0"
      },
      "bin": {
        "which": "bin/which"
      }
    },
    "node_modules/word-wrap": {
      "version": "1.2.3",
      "license": "MIT",
      "engines": {
        "node": ">=0.10.0"
      }
    },
    "node_modules/wrappy": {
      "version": "1.0.2",
      "license": "ISC"
    },
    "node_modules/write": {
      "version": "1.0.3",
      "license": "MIT",
      "dependencies": {
        "mkdirp": "^0.5.1"
      },
      "engines": {
        "node": ">=4"
      }
    },
    "node_modules/ws": {
      "version": "7.5.9",
      "license": "MIT",
      "engines": {
        "node": ">=8.3.0"
      },
      "peerDependencies": {
        "bufferutil": "^4.0.1",
        "utf-8-validate": "^5.0.2"
      },
      "peerDependenciesMeta": {
        "bufferutil": {
          "optional": true
        },
        "utf-8-validate": {
          "optional": true
        }
      }
    }
  }
}
